
Microsoft Visual Studio Solution File, Format Version 12.00
# Visual Studio Version 16
VisualStudioVersion = 16.0.30309.148
MinimumVisualStudioVersion = 10.0.40219.1
Project("{9A19103F-16F7-4668-BE54-9A1E7A4F7556}") = "Assignment3", "Assignment3\Assignment3.csproj", "{06DFD8D7-94FD-4C13-89A9-04A3767FDE93}"
EndProject
Project("{2150E333-8FDC-42A3-9474-1A3956D46DE8}") = "Solution Items", "Solution Items", "{3E7326C4-92E0-403B-9ECA-DF5BFEA9054F}"
	ProjectSection(SolutionItems) = preProject
		.editorconfig = .editorconfig
	EndProjectSection
EndProject
Global
	GlobalSection(SolutionConfigurationPlatforms) = preSolution
		Debug|Any CPU = Debug|Any CPU
		Release|Any CPU = Release|Any CPU
	EndGlobalSection
	GlobalSection(ProjectConfigurationPlatforms) = postSolution
		{06DFD8D7-94FD-4C13-89A9-04A3767FDE93}.Debug|Any CPU.ActiveCfg = Debug|Any CPU
		{06DFD8D7-94FD-4C13-89A9-04A3767FDE93}.Debug|Any CPU.Build.0 = Debug|Any CPU
		{06DFD8D7-94FD-4C13-89A9-04A3767FDE93}.Release|Any CPU.ActiveCfg = Release|Any CPU
		{06DFD8D7-94FD-4C13-89A9-04A3767FDE93}.Release|Any CPU.Build.0 = Release|Any CPU
	EndGlobalSection
	GlobalSection(SolutionProperties) = preSolution
		HideSolutionNode = FALSE
	EndGlobalSection
	GlobalSection(ExtensibilityGlobals) = postSolution
		SolutionGuid = {EABD5E9D-0ABE-41BA-B3C2-239E887EB5B1}
	EndGlobalSection
EndGlobal
